
Microsoft Visual Studio Solution File, Format Version 12.00
# Visual Studio Version 16
VisualStudioVersion = 16.0.28917.182
MinimumVisualStudioVersion = 10.0.40219.1
Project("{FAE04EC0-301F-11D3-BF4B-00C04F79EFBC}") = "MesPorExtenso", "MesPorExtenso\MesPorExtenso.csproj", "{4173B855-7273-44CF-B61C-4866ECE992B9}"
EndProject
Global
	GlobalSection(SolutionConfigurationPlatforms) = preSolution
		Debug|Any CPU = Debug|Any CPU
		Release|Any CPU = Release|Any CPU
	EndGlobalSection
	GlobalSection(ProjectConfigurationPlatforms) = postSolution
		{4173B855-7273-44CF-B61C-4866ECE992B9}.Debug|Any CPU.ActiveCfg = Debug|Any CPU
		{4173B855-7273-44CF-B61C-4866ECE992B9}.Debug|Any CPU.Build.0 = Debug|Any CPU
		{4173B855-7273-44CF-B61C-4866ECE992B9}.Release|Any CPU.ActiveCfg = Release|Any CPU
		{4173B855-7273-44CF-B61C-4866ECE992B9}.Release|Any CPU.Build.0 = Release|Any CPU
	EndGlobalSection
	GlobalSection(SolutionProperties) = preSolution
		HideSolutionNode = FALSE
	EndGlobalSection
	GlobalSection(ExtensibilityGlobals) = postSolution
		SolutionGuid = {A87F40CA-7374-463A-93B7-7926E2C011B9}
	EndGlobalSection
EndGlobal
